
Microsoft Visual Studio Solution File, Format Version 12.00
# Visual Studio Version 17
VisualStudioVersion = 17.8.34330.188
MinimumVisualStudioVersion = 10.0.40219.1
Project("{9A19103F-16F7-4668-BE54-9A1E7A4F7556}") = "AirportCEOModLoader", "AirportCEOModLoader.csproj", "{BE30DD58-5D0A-4D79-81B6-EDE9A85A4E77}"
EndProject
Global
	GlobalSection(SolutionConfigurationPlatforms) = preSolution
		Debug|Any CPU = Debug|Any CPU
		Release|Any CPU = Release|Any CPU
	EndGlobalSection
	GlobalSection(ProjectConfigurationPlatforms) = postSolution
		{BE30DD58-5D0A-4D79-81B6-EDE9A85A4E77}.Debug|Any CPU.ActiveCfg = Debug|Any CPU
		{BE30DD58-5D0A-4D79-81B6-EDE9A85A4E77}.Debug|Any CPU.Build.0 = Debug|Any CPU
		{BE30DD58-5D0A-4D79-81B6-EDE9A85A4E77}.Release|Any CPU.ActiveCfg = Release|Any CPU
		{BE30DD58-5D0A-4D79-81B6-EDE9A85A4E77}.Release|Any CPU.Build.0 = Release|Any CPU
	EndGlobalSection
	GlobalSection(SolutionProperties) = preSolution
		HideSolutionNode = FALSE
	EndGlobalSection
	GlobalSection(ExtensibilityGlobals) = postSolution
		SolutionGuid = {48FA6559-5B32-4AE5-BFC6-FE802A09229B}
	EndGlobalSection
EndGlobal
